<Solution>
  <Project Path="DialogueSystem.csproj" />
  <Project Path="DialogueSystemEditor.csproj" />
  <Project Path="PixelCrushers.csproj" />
  <Project Path="PixelCrushersEditor.csproj" />
  <Project Path="Assembly-CSharp.csproj" />
  <Project Path="Utils.csproj" />
  <Project Path="Manager.csproj" />
  <Project Path="FMODUnityResonanceEditor.csproj" />
  <Project Path="SequencerCommand.csproj" />
  <Project Path="FMODUnityEditor.csproj" />
  <Project Path="FMODUnity.csproj" />
  <Project Path="UI.csproj" />
  <Project Path="Controller.csproj" />
  <Project Path="Capture.csproj" />
  <Project Path="Dialogue.csproj" />
  <Project Path="Traffic.csproj" />
  <Project Path="Camera.csproj" />
  <Project Path="FMODUnityResonance.csproj" />
  <Project Path="Assembly-CSharp-Editor.csproj" />
  <Project Path="Data.csproj" />
  <Project Path="InputSystem.csproj" />
</Solution>
